
Microsoft Visual Studio Solution File, Format Version 12.00
# Visual Studio 2013
VisualStudioVersion = 12.0.31101.0
MinimumVisualStudioVersion = 10.0.40219.1
Project("{FAE04EC0-301F-11D3-BF4B-00C04F79EFBC}") = "Singapore_ParcelDomainService", "ParcelBusiness\Singapore_ParcelDomainService.csproj", "{126A6A93-7038-4C10-8007-7352184BFA3D}"
EndProject
Project("{FAE04EC0-301F-11D3-BF4B-00C04F79EFBC}") = "Singapore_ParcelPersistanceModel", "..\TZ.Pad.Common\Singapore_ParcelPersistanceModel.csproj", "{F3C71BDF-2ADA-4D7C-BAC6-09A9A5797F55}"
EndProject
Project("{FAE04EC0-301F-11D3-BF4B-00C04F79EFBC}") = "Tz.Common", "Tz.Common\Tz.Common.csproj", "{837DF871-0969-4EDB-AC8C-F890AA60C46E}"
EndProject
Project("{FAE04EC0-301F-11D3-BF4B-00C04F79EFBC}") = "Parcel.Common", "Pacel.Common\Parcel.Common.csproj", "{494FF4DF-BE35-4D30-AC6B-CF0E045C2F53}"
EndProject
Project("{2150E333-8FDC-42A3-9474-1A3956D46DE8}") = "Singapore", "Singapore", "{0D19B8A8-773C-4686-B212-2620BFFE3FCF}"
EndProject
Project("{2150E333-8FDC-42A3-9474-1A3956D46DE8}") = "Hongkong", "Hongkong", "{E1D4EE29-8E3C-443C-A38B-0FF91A10CE24}"
EndProject
Project("{FAE04EC0-301F-11D3-BF4B-00C04F79EFBC}") = "Hongkong_ParcelDomainService", "ParcelBusiness_Genetech\Hongkong_ParcelDomainService.csproj", "{BED3BEBE-9293-4100-AF10-AC0AFB04E5A0}"
EndProject
Project("{FAE04EC0-301F-11D3-BF4B-00C04F79EFBC}") = "Hongkong_ParcelPersistanceModel", "ParcelModel_Genetech\Hongkong_ParcelPersistanceModel.csproj", "{67B5AAA3-B8BF-4481-8251-4347EF55357A}"
EndProject
Project("{FAE04EC0-301F-11D3-BF4B-00C04F79EFBC}") = "Tz.Region", "Tz.Region\Tz.Region.csproj", "{F0ED66FE-88C7-4646-8A0B-FC72E8537E1F}"
EndProject
Project("{FAE04EC0-301F-11D3-BF4B-00C04F79EFBC}") = "ParcelDomainHost", "ParcelDomainHost\ParcelDomainHost.csproj", "{78FD3991-7C98-4230-B423-CE5EB6E0AD08}"
EndProject
Project("{FAE04EC0-301F-11D3-BF4B-00C04F79EFBC}") = "ParcelService", "ParcelDomainService\ParcelService.csproj", "{5C9A8893-C82C-4E0E-81D3-C864C0D7AA02}"
EndProject
Project("{2150E333-8FDC-42A3-9474-1A3956D46DE8}") = "Common", "Common", "{3006043C-ED68-4CA2-8E70-A0CF3232F9F5}"
EndProject
Project("{FAE04EC0-301F-11D3-BF4B-00C04F79EFBC}") = "Parcel.DomainModel", "Parcel.DomainModel\Parcel.DomainModel.csproj", "{40D00207-AA58-4F6D-9490-5831E348346B}"
EndProject
Global
	GlobalSection(SolutionConfigurationPlatforms) = preSolution
		Debug|Any CPU = Debug|Any CPU
		Debug|x86 = Debug|x86
		PROD|Any CPU = PROD|Any CPU
		PROD|x86 = PROD|x86
		Release|Any CPU = Release|Any CPU
		Release|x86 = Release|x86
		SIT|Any CPU = SIT|Any CPU
		SIT|x86 = SIT|x86
		SITSINGAPORE|Any CPU = SITSINGAPORE|Any CPU
		SITSINGAPORE|x86 = SITSINGAPORE|x86
		UAT|Any CPU = UAT|Any CPU
		UAT|x86 = UAT|x86
	EndGlobalSection
	GlobalSection(ProjectConfigurationPlatforms) = postSolution
		{126A6A93-7038-4C10-8007-7352184BFA3D}.Debug|Any CPU.ActiveCfg = Debug|Any CPU
		{126A6A93-7038-4C10-8007-7352184BFA3D}.Debug|Any CPU.Build.0 = Debug|Any CPU
		{126A6A93-7038-4C10-8007-7352184BFA3D}.Debug|x86.ActiveCfg = Debug|Any CPU
		{126A6A93-7038-4C10-8007-7352184BFA3D}.PROD|Any CPU.ActiveCfg = Release|Any CPU
		{126A6A93-7038-4C10-8007-7352184BFA3D}.PROD|Any CPU.Build.0 = Release|Any CPU
		{126A6A93-7038-4C10-8007-7352184BFA3D}.PROD|x86.ActiveCfg = Release|Any CPU
		{126A6A93-7038-4C10-8007-7352184BFA3D}.Release|Any CPU.ActiveCfg = Release|Any CPU
		{126A6A93-7038-4C10-8007-7352184BFA3D}.Release|Any CPU.Build.0 = Release|Any CPU
		{126A6A93-7038-4C10-8007-7352184BFA3D}.Release|x86.ActiveCfg = Release|Any CPU
		{126A6A93-7038-4C10-8007-7352184BFA3D}.SIT|Any CPU.ActiveCfg = Release|Any CPU
		{126A6A93-7038-4C10-8007-7352184BFA3D}.SIT|Any CPU.Build.0 = Release|Any CPU
		{126A6A93-7038-4C10-8007-7352184BFA3D}.SIT|x86.ActiveCfg = Release|Any CPU
		{126A6A93-7038-4C10-8007-7352184BFA3D}.SITSINGAPORE|Any CPU.ActiveCfg = Release|Any CPU
		{126A6A93-7038-4C10-8007-7352184BFA3D}.SITSINGAPORE|Any CPU.Build.0 = Release|Any CPU
		{126A6A93-7038-4C10-8007-7352184BFA3D}.SITSINGAPORE|x86.ActiveCfg = Release|Any CPU
		{126A6A93-7038-4C10-8007-7352184BFA3D}.UAT|Any CPU.ActiveCfg = Release|Any CPU
		{126A6A93-7038-4C10-8007-7352184BFA3D}.UAT|Any CPU.Build.0 = Release|Any CPU
		{126A6A93-7038-4C10-8007-7352184BFA3D}.UAT|x86.ActiveCfg = Release|Any CPU
		{F3C71BDF-2ADA-4D7C-BAC6-09A9A5797F55}.Debug|Any CPU.ActiveCfg = Debug|Any CPU
		{F3C71BDF-2ADA-4D7C-BAC6-09A9A5797F55}.Debug|Any CPU.Build.0 = Debug|Any CPU
		{F3C71BDF-2ADA-4D7C-BAC6-09A9A5797F55}.Debug|x86.ActiveCfg = Debug|Any CPU
		{F3C71BDF-2ADA-4D7C-BAC6-09A9A5797F55}.PROD|Any CPU.ActiveCfg = PROD|Any CPU
		{F3C71BDF-2ADA-4D7C-BAC6-09A9A5797F55}.PROD|Any CPU.Build.0 = PROD|Any CPU
		{F3C71BDF-2ADA-4D7C-BAC6-09A9A5797F55}.PROD|x86.ActiveCfg = PROD|Any CPU
		{F3C71BDF-2ADA-4D7C-BAC6-09A9A5797F55}.Release|Any CPU.ActiveCfg = Release|Any CPU
		{F3C71BDF-2ADA-4D7C-BAC6-09A9A5797F55}.Release|Any CPU.Build.0 = Release|Any CPU
		{F3C71BDF-2ADA-4D7C-BAC6-09A9A5797F55}.Release|x86.ActiveCfg = Release|Any CPU
		{F3C71BDF-2ADA-4D7C-BAC6-09A9A5797F55}.SIT|Any CPU.ActiveCfg = SIT|Any CPU
		{F3C71BDF-2ADA-4D7C-BAC6-09A9A5797F55}.SIT|Any CPU.Build.0 = SIT|Any CPU
		{F3C71BDF-2ADA-4D7C-BAC6-09A9A5797F55}.SIT|x86.ActiveCfg = SIT|Any CPU
		{F3C71BDF-2ADA-4D7C-BAC6-09A9A5797F55}.SITSINGAPORE|Any CPU.ActiveCfg = SITSINGAPORE|Any CPU
		{F3C71BDF-2ADA-4D7C-BAC6-09A9A5797F55}.SITSINGAPORE|Any CPU.Build.0 = SITSINGAPORE|Any CPU
		{F3C71BDF-2ADA-4D7C-BAC6-09A9A5797F55}.SITSINGAPORE|x86.ActiveCfg = SITSINGAPORE|Any CPU
		{F3C71BDF-2ADA-4D7C-BAC6-09A9A5797F55}.UAT|Any CPU.ActiveCfg = UAT|Any CPU
		{F3C71BDF-2ADA-4D7C-BAC6-09A9A5797F55}.UAT|Any CPU.Build.0 = UAT|Any CPU
		{F3C71BDF-2ADA-4D7C-BAC6-09A9A5797F55}.UAT|x86.ActiveCfg = UAT|Any CPU
		{837DF871-0969-4EDB-AC8C-F890AA60C46E}.Debug|Any CPU.ActiveCfg = Debug|Any CPU
		{837DF871-0969-4EDB-AC8C-F890AA60C46E}.Debug|Any CPU.Build.0 = Debug|Any CPU
		{837DF871-0969-4EDB-AC8C-F890AA60C46E}.Debug|x86.ActiveCfg = Debug|Any CPU
		{837DF871-0969-4EDB-AC8C-F890AA60C46E}.PROD|Any CPU.ActiveCfg = Release|Any CPU
		{837DF871-0969-4EDB-AC8C-F890AA60C46E}.PROD|Any CPU.Build.0 = Release|Any CPU
		{837DF871-0969-4EDB-AC8C-F890AA60C46E}.PROD|x86.ActiveCfg = Release|Any CPU
		{837DF871-0969-4EDB-AC8C-F890AA60C46E}.Release|Any CPU.ActiveCfg = Release|Any CPU
		{837DF871-0969-4EDB-AC8C-F890AA60C46E}.Release|Any CPU.Build.0 = Release|Any CPU
		{837DF871-0969-4EDB-AC8C-F890AA60C46E}.Release|x86.ActiveCfg = Release|Any CPU
		{837DF871-0969-4EDB-AC8C-F890AA60C46E}.SIT|Any CPU.ActiveCfg = Release|Any CPU
		{837DF871-0969-4EDB-AC8C-F890AA60C46E}.SIT|Any CPU.Build.0 = Release|Any CPU
		{837DF871-0969-4EDB-AC8C-F890AA60C46E}.SIT|x86.ActiveCfg = Release|Any CPU
		{837DF871-0969-4EDB-AC8C-F890AA60C46E}.SITSINGAPORE|Any CPU.ActiveCfg = Release|Any CPU
		{837DF871-0969-4EDB-AC8C-F890AA60C46E}.SITSINGAPORE|Any CPU.Build.0 = Release|Any CPU
		{837DF871-0969-4EDB-AC8C-F890AA60C46E}.SITSINGAPORE|x86.ActiveCfg = Release|Any CPU
		{837DF871-0969-4EDB-AC8C-F890AA60C46E}.UAT|Any CPU.ActiveCfg = Release|Any CPU
		{837DF871-0969-4EDB-AC8C-F890AA60C46E}.UAT|Any CPU.Build.0 = Release|Any CPU
		{837DF871-0969-4EDB-AC8C-F890AA60C46E}.UAT|x86.ActiveCfg = Release|Any CPU
		{494FF4DF-BE35-4D30-AC6B-CF0E045C2F53}.Debug|Any CPU.ActiveCfg = Debug|Any CPU
		{494FF4DF-BE35-4D30-AC6B-CF0E045C2F53}.Debug|Any CPU.Build.0 = Debug|Any CPU
		{494FF4DF-BE35-4D30-AC6B-CF0E045C2F53}.Debug|x86.ActiveCfg = Debug|Any CPU
		{494FF4DF-BE35-4D30-AC6B-CF0E045C2F53}.PROD|Any CPU.ActiveCfg = Release|Any CPU
		{494FF4DF-BE35-4D30-AC6B-CF0E045C2F53}.PROD|Any CPU.Build.0 = Release|Any CPU
		{494FF4DF-BE35-4D30-AC6B-CF0E045C2F53}.PROD|x86.ActiveCfg = Release|Any CPU
		{494FF4DF-BE35-4D30-AC6B-CF0E045C2F53}.Release|Any CPU.ActiveCfg = Release|Any CPU
		{494FF4DF-BE35-4D30-AC6B-CF0E045C2F53}.Release|Any CPU.Build.0 = Release|Any CPU
		{494FF4DF-BE35-4D30-AC6B-CF0E045C2F53}.Release|x86.ActiveCfg = Release|Any CPU
		{494FF4DF-BE35-4D30-AC6B-CF0E045C2F53}.SIT|Any CPU.ActiveCfg = Release|Any CPU
		{494FF4DF-BE35-4D30-AC6B-CF0E045C2F53}.SIT|Any CPU.Build.0 = Release|Any CPU
		{494FF4DF-BE35-4D30-AC6B-CF0E045C2F53}.SIT|x86.ActiveCfg = Release|Any CPU
		{494FF4DF-BE35-4D30-AC6B-CF0E045C2F53}.SITSINGAPORE|Any CPU.ActiveCfg = Release|Any CPU
		{494FF4DF-BE35-4D30-AC6B-CF0E045C2F53}.SITSINGAPORE|Any CPU.Build.0 = Release|Any CPU
		{494FF4DF-BE35-4D30-AC6B-CF0E045C2F53}.SITSINGAPORE|x86.ActiveCfg = Release|Any CPU
		{494FF4DF-BE35-4D30-AC6B-CF0E045C2F53}.UAT|Any CPU.ActiveCfg = Release|Any CPU
		{494FF4DF-BE35-4D30-AC6B-CF0E045C2F53}.UAT|Any CPU.Build.0 = Release|Any CPU
		{494FF4DF-BE35-4D30-AC6B-CF0E045C2F53}.UAT|x86.ActiveCfg = Release|Any CPU
		{BED3BEBE-9293-4100-AF10-AC0AFB04E5A0}.Debug|Any CPU.ActiveCfg = Debug|Any CPU
		{BED3BEBE-9293-4100-AF10-AC0AFB04E5A0}.Debug|Any CPU.Build.0 = Debug|Any CPU
		{BED3BEBE-9293-4100-AF10-AC0AFB04E5A0}.Debug|x86.ActiveCfg = Debug|Any CPU
		{BED3BEBE-9293-4100-AF10-AC0AFB04E5A0}.PROD|Any CPU.ActiveCfg = Release|Any CPU
		{BED3BEBE-9293-4100-AF10-AC0AFB04E5A0}.PROD|Any CPU.Build.0 = Release|Any CPU
		{BED3BEBE-9293-4100-AF10-AC0AFB04E5A0}.PROD|x86.ActiveCfg = Release|Any CPU
		{BED3BEBE-9293-4100-AF10-AC0AFB04E5A0}.Release|Any CPU.ActiveCfg = Release|Any CPU
		{BED3BEBE-9293-4100-AF10-AC0AFB04E5A0}.Release|Any CPU.Build.0 = Release|Any CPU
		{BED3BEBE-9293-4100-AF10-AC0AFB04E5A0}.Release|x86.ActiveCfg = Release|Any CPU
		{BED3BEBE-9293-4100-AF10-AC0AFB04E5A0}.SIT|Any CPU.ActiveCfg = Release|Any CPU
		{BED3BEBE-9293-4100-AF10-AC0AFB04E5A0}.SIT|Any CPU.Build.0 = Release|Any CPU
		{BED3BEBE-9293-4100-AF10-AC0AFB04E5A0}.SIT|x86.ActiveCfg = Release|Any CPU
		{BED3BEBE-9293-4100-AF10-AC0AFB04E5A0}.SITSINGAPORE|Any CPU.ActiveCfg = Release|Any CPU
		{BED3BEBE-9293-4100-AF10-AC0AFB04E5A0}.SITSINGAPORE|Any CPU.Build.0 = Release|Any CPU
		{BED3BEBE-9293-4100-AF10-AC0AFB04E5A0}.SITSINGAPORE|x86.ActiveCfg = Release|Any CPU
		{BED3BEBE-9293-4100-AF10-AC0AFB04E5A0}.UAT|Any CPU.ActiveCfg = Release|Any CPU
		{BED3BEBE-9293-4100-AF10-AC0AFB04E5A0}.UAT|Any CPU.Build.0 = Release|Any CPU
		{BED3BEBE-9293-4100-AF10-AC0AFB04E5A0}.UAT|x86.ActiveCfg = Release|Any CPU
		{67B5AAA3-B8BF-4481-8251-4347EF55357A}.Debug|Any CPU.ActiveCfg = Debug|Any CPU
		{67B5AAA3-B8BF-4481-8251-4347EF55357A}.Debug|Any CPU.Build.0 = Debug|Any CPU
		{67B5AAA3-B8BF-4481-8251-4347EF55357A}.Debug|x86.ActiveCfg = Debug|Any CPU
		{67B5AAA3-B8BF-4481-8251-4347EF55357A}.PROD|Any CPU.ActiveCfg = Release|Any CPU
		{67B5AAA3-B8BF-4481-8251-4347EF55357A}.PROD|Any CPU.Build.0 = Release|Any CPU
		{67B5AAA3-B8BF-4481-8251-4347EF55357A}.PROD|x86.ActiveCfg = Release|Any CPU
		{67B5AAA3-B8BF-4481-8251-4347EF55357A}.Release|Any CPU.ActiveCfg = Release|Any CPU
		{67B5AAA3-B8BF-4481-8251-4347EF55357A}.Release|Any CPU.Build.0 = Release|Any CPU
		{67B5AAA3-B8BF-4481-8251-4347EF55357A}.Release|x86.ActiveCfg = Release|Any CPU
		{67B5AAA3-B8BF-4481-8251-4347EF55357A}.SIT|Any CPU.ActiveCfg = Release|Any CPU
		{67B5AAA3-B8BF-4481-8251-4347EF55357A}.SIT|Any CPU.Build.0 = Release|Any CPU
		{67B5AAA3-B8BF-4481-8251-4347EF55357A}.SIT|x86.ActiveCfg = Release|Any CPU
		{67B5AAA3-B8BF-4481-8251-4347EF55357A}.SITSINGAPORE|Any CPU.ActiveCfg = Release|Any CPU
		{67B5AAA3-B8BF-4481-8251-4347EF55357A}.SITSINGAPORE|Any CPU.Build.0 = Release|Any CPU
		{67B5AAA3-B8BF-4481-8251-4347EF55357A}.SITSINGAPORE|x86.ActiveCfg = Release|Any CPU
		{67B5AAA3-B8BF-4481-8251-4347EF55357A}.UAT|Any CPU.ActiveCfg = Release|Any CPU
		{67B5AAA3-B8BF-4481-8251-4347EF55357A}.UAT|Any CPU.Build.0 = Release|Any CPU
		{67B5AAA3-B8BF-4481-8251-4347EF55357A}.UAT|x86.ActiveCfg = Release|Any CPU
		{F0ED66FE-88C7-4646-8A0B-FC72E8537E1F}.Debug|Any CPU.ActiveCfg = Debug|Any CPU
		{F0ED66FE-88C7-4646-8A0B-FC72E8537E1F}.Debug|Any CPU.Build.0 = Debug|Any CPU
		{F0ED66FE-88C7-4646-8A0B-FC72E8537E1F}.Debug|x86.ActiveCfg = Debug|Any CPU
		{F0ED66FE-88C7-4646-8A0B-FC72E8537E1F}.PROD|Any CPU.ActiveCfg = Release|Any CPU
		{F0ED66FE-88C7-4646-8A0B-FC72E8537E1F}.PROD|Any CPU.Build.0 = Release|Any CPU
		{F0ED66FE-88C7-4646-8A0B-FC72E8537E1F}.PROD|x86.ActiveCfg = Release|Any CPU
		{F0ED66FE-88C7-4646-8A0B-FC72E8537E1F}.Release|Any CPU.ActiveCfg = Release|Any CPU
		{F0ED66FE-88C7-4646-8A0B-FC72E8537E1F}.Release|Any CPU.Build.0 = Release|Any CPU
		{F0ED66FE-88C7-4646-8A0B-FC72E8537E1F}.Release|x86.ActiveCfg = Release|Any CPU
		{F0ED66FE-88C7-4646-8A0B-FC72E8537E1F}.SIT|Any CPU.ActiveCfg = Release|Any CPU
		{F0ED66FE-88C7-4646-8A0B-FC72E8537E1F}.SIT|Any CPU.Build.0 = Release|Any CPU
		{F0ED66FE-88C7-4646-8A0B-FC72E8537E1F}.SIT|x86.ActiveCfg = Release|Any CPU
		{F0ED66FE-88C7-4646-8A0B-FC72E8537E1F}.SITSINGAPORE|Any CPU.ActiveCfg = Release|Any CPU
		{F0ED66FE-88C7-4646-8A0B-FC72E8537E1F}.SITSINGAPORE|Any CPU.Build.0 = Release|Any CPU
		{F0ED66FE-88C7-4646-8A0B-FC72E8537E1F}.SITSINGAPORE|x86.ActiveCfg = Release|Any CPU
		{F0ED66FE-88C7-4646-8A0B-FC72E8537E1F}.UAT|Any CPU.ActiveCfg = Release|Any CPU
		{F0ED66FE-88C7-4646-8A0B-FC72E8537E1F}.UAT|Any CPU.Build.0 = Release|Any CPU
		{F0ED66FE-88C7-4646-8A0B-FC72E8537E1F}.UAT|x86.ActiveCfg = Release|Any CPU
		{78FD3991-7C98-4230-B423-CE5EB6E0AD08}.Debug|Any CPU.ActiveCfg = Debug|Any CPU
		{78FD3991-7C98-4230-B423-CE5EB6E0AD08}.Debug|Any CPU.Build.0 = Debug|Any CPU
		{78FD3991-7C98-4230-B423-CE5EB6E0AD08}.Debug|x86.ActiveCfg = Debug|Any CPU
		{78FD3991-7C98-4230-B423-CE5EB6E0AD08}.PROD|Any CPU.ActiveCfg = Release|Any CPU
		{78FD3991-7C98-4230-B423-CE5EB6E0AD08}.PROD|Any CPU.Build.0 = Release|Any CPU
		{78FD3991-7C98-4230-B423-CE5EB6E0AD08}.PROD|x86.ActiveCfg = Release|Any CPU
		{78FD3991-7C98-4230-B423-CE5EB6E0AD08}.Release|Any CPU.ActiveCfg = Release|Any CPU
		{78FD3991-7C98-4230-B423-CE5EB6E0AD08}.Release|Any CPU.Build.0 = Release|Any CPU
		{78FD3991-7C98-4230-B423-CE5EB6E0AD08}.Release|x86.ActiveCfg = Release|Any CPU
		{78FD3991-7C98-4230-B423-CE5EB6E0AD08}.SIT|Any CPU.ActiveCfg = Release|Any CPU
		{78FD3991-7C98-4230-B423-CE5EB6E0AD08}.SIT|Any CPU.Build.0 = Release|Any CPU
		{78FD3991-7C98-4230-B423-CE5EB6E0AD08}.SIT|x86.ActiveCfg = Release|Any CPU
		{78FD3991-7C98-4230-B423-CE5EB6E0AD08}.SITSINGAPORE|Any CPU.ActiveCfg = Release|Any CPU
		{78FD3991-7C98-4230-B423-CE5EB6E0AD08}.SITSINGAPORE|Any CPU.Build.0 = Release|Any CPU
		{78FD3991-7C98-4230-B423-CE5EB6E0AD08}.SITSINGAPORE|x86.ActiveCfg = Release|Any CPU
		{78FD3991-7C98-4230-B423-CE5EB6E0AD08}.UAT|Any CPU.ActiveCfg = Release|Any CPU
		{78FD3991-7C98-4230-B423-CE5EB6E0AD08}.UAT|Any CPU.Build.0 = Release|Any CPU
		{78FD3991-7C98-4230-B423-CE5EB6E0AD08}.UAT|x86.ActiveCfg = Release|Any CPU
		{5C9A8893-C82C-4E0E-81D3-C864C0D7AA02}.Debug|Any CPU.ActiveCfg = Debug|Any CPU
		{5C9A8893-C82C-4E0E-81D3-C864C0D7AA02}.Debug|Any CPU.Build.0 = Debug|Any CPU
		{5C9A8893-C82C-4E0E-81D3-C864C0D7AA02}.Debug|x86.ActiveCfg = Debug|Any CPU
		{5C9A8893-C82C-4E0E-81D3-C864C0D7AA02}.PROD|Any CPU.ActiveCfg = Release|Any CPU
		{5C9A8893-C82C-4E0E-81D3-C864C0D7AA02}.PROD|Any CPU.Build.0 = Release|Any CPU
		{5C9A8893-C82C-4E0E-81D3-C864C0D7AA02}.PROD|x86.ActiveCfg = Release|Any CPU
		{5C9A8893-C82C-4E0E-81D3-C864C0D7AA02}.Release|Any CPU.ActiveCfg = Release|Any CPU
		{5C9A8893-C82C-4E0E-81D3-C864C0D7AA02}.Release|Any CPU.Build.0 = Release|Any CPU
		{5C9A8893-C82C-4E0E-81D3-C864C0D7AA02}.Release|x86.ActiveCfg = Release|Any CPU
		{5C9A8893-C82C-4E0E-81D3-C864C0D7AA02}.SIT|Any CPU.ActiveCfg = Release|Any CPU
		{5C9A8893-C82C-4E0E-81D3-C864C0D7AA02}.SIT|Any CPU.Build.0 = Release|Any CPU
		{5C9A8893-C82C-4E0E-81D3-C864C0D7AA02}.SIT|x86.ActiveCfg = Release|Any CPU
		{5C9A8893-C82C-4E0E-81D3-C864C0D7AA02}.SITSINGAPORE|Any CPU.ActiveCfg = Release|Any CPU
		{5C9A8893-C82C-4E0E-81D3-C864C0D7AA02}.SITSINGAPORE|Any CPU.Build.0 = Release|Any CPU
		{5C9A8893-C82C-4E0E-81D3-C864C0D7AA02}.SITSINGAPORE|x86.ActiveCfg = Release|Any CPU
		{5C9A8893-C82C-4E0E-81D3-C864C0D7AA02}.UAT|Any CPU.ActiveCfg = Release|Any CPU
		{5C9A8893-C82C-4E0E-81D3-C864C0D7AA02}.UAT|Any CPU.Build.0 = Release|Any CPU
		{5C9A8893-C82C-4E0E-81D3-C864C0D7AA02}.UAT|x86.ActiveCfg = Release|Any CPU
		{40D00207-AA58-4F6D-9490-5831E348346B}.Debug|Any CPU.ActiveCfg = Debug|Any CPU
		{40D00207-AA58-4F6D-9490-5831E348346B}.Debug|Any CPU.Build.0 = Debug|Any CPU
		{40D00207-AA58-4F6D-9490-5831E348346B}.Debug|x86.ActiveCfg = Debug|Any CPU
		{40D00207-AA58-4F6D-9490-5831E348346B}.PROD|Any CPU.ActiveCfg = Release|Any CPU
		{40D00207-AA58-4F6D-9490-5831E348346B}.PROD|Any CPU.Build.0 = Release|Any CPU
		{40D00207-AA58-4F6D-9490-5831E348346B}.PROD|x86.ActiveCfg = Release|Any CPU
		{40D00207-AA58-4F6D-9490-5831E348346B}.Release|Any CPU.ActiveCfg = Release|Any CPU
		{40D00207-AA58-4F6D-9490-5831E348346B}.Release|Any CPU.Build.0 = Release|Any CPU
		{40D00207-AA58-4F6D-9490-5831E348346B}.Release|x86.ActiveCfg = Release|Any CPU
		{40D00207-AA58-4F6D-9490-5831E348346B}.SIT|Any CPU.ActiveCfg = Release|Any CPU
		{40D00207-AA58-4F6D-9490-5831E348346B}.SIT|Any CPU.Build.0 = Release|Any CPU
		{40D00207-AA58-4F6D-9490-5831E348346B}.SIT|x86.ActiveCfg = Release|Any CPU
		{40D00207-AA58-4F6D-9490-5831E348346B}.SITSINGAPORE|Any CPU.ActiveCfg = Release|Any CPU
		{40D00207-AA58-4F6D-9490-5831E348346B}.SITSINGAPORE|Any CPU.Build.0 = Release|Any CPU
		{40D00207-AA58-4F6D-9490-5831E348346B}.SITSINGAPORE|x86.ActiveCfg = Release|Any CPU
		{40D00207-AA58-4F6D-9490-5831E348346B}.UAT|Any CPU.ActiveCfg = Release|Any CPU
		{40D00207-AA58-4F6D-9490-5831E348346B}.UAT|Any CPU.Build.0 = Release|Any CPU
		{40D00207-AA58-4F6D-9490-5831E348346B}.UAT|x86.ActiveCfg = Release|Any CPU
	EndGlobalSection
	GlobalSection(SolutionProperties) = preSolution
		HideSolutionNode = FALSE
	EndGlobalSection
	GlobalSection(NestedProjects) = preSolution
		{126A6A93-7038-4C10-8007-7352184BFA3D} = {0D19B8A8-773C-4686-B212-2620BFFE3FCF}
		{F3C71BDF-2ADA-4D7C-BAC6-09A9A5797F55} = {0D19B8A8-773C-4686-B212-2620BFFE3FCF}
		{494FF4DF-BE35-4D30-AC6B-CF0E045C2F53} = {3006043C-ED68-4CA2-8E70-A0CF3232F9F5}
		{BED3BEBE-9293-4100-AF10-AC0AFB04E5A0} = {E1D4EE29-8E3C-443C-A38B-0FF91A10CE24}
		{67B5AAA3-B8BF-4481-8251-4347EF55357A} = {E1D4EE29-8E3C-443C-A38B-0FF91A10CE24}
		{40D00207-AA58-4F6D-9490-5831E348346B} = {3006043C-ED68-4CA2-8E70-A0CF3232F9F5}
	EndGlobalSection
EndGlobal
